
Microsoft Visual Studio Solution File, Format Version 12.00
# Visual Studio Version 17
VisualStudioVersion = 17.5.33424.131
MinimumVisualStudioVersion = 10.0.40219.1
Project("{9A19103F-16F7-4668-BE54-9A1E7A4F7556}") = "Apoteka", "Apoteka\Apoteka.csproj", "{D05C71FB-4E6F-47D0-9271-DD39CF2F7281}"
EndProject
Project("{9A19103F-16F7-4668-BE54-9A1E7A4F7556}") = "Apoteka.Modeli", "Apoteka.Modeli\Apoteka.Modeli.csproj", "{1E32A851-2527-4DF4-B679-63A97ECB2DF2}"
EndProject
Project("{9A19103F-16F7-4668-BE54-9A1E7A4F7556}") = "Apoteka.Repozitorijumi", "Apoteka.Repozitorijumi\Apoteka.Repozitorijumi.csproj", "{10AFB32E-DF91-4E80-A501-C02630FDBE1D}"
EndProject
Project("{9A19103F-16F7-4668-BE54-9A1E7A4F7556}") = "Apoteka.Servisi", "Apoteka.Servisi\Apoteka.Servisi.csproj", "{B0BCA91F-2D0E-478C-A4FA-1B5B646C1802}"
EndProject
Project("{FAE04EC0-301F-11D3-BF4B-00C04F79EFBC}") = "Apoteka.Testovi", "Apoteka.Testovi\Apoteka.Testovi.csproj", "{66D3A3A2-486B-4FCF-A43A-16EA96484AB6}"
EndProject
Global
	GlobalSection(SolutionConfigurationPlatforms) = preSolution
		Debug|Any CPU = Debug|Any CPU
		Release|Any CPU = Release|Any CPU
	EndGlobalSection
	GlobalSection(ProjectConfigurationPlatforms) = postSolution
		{D05C71FB-4E6F-47D0-9271-DD39CF2F7281}.Debug|Any CPU.ActiveCfg = Debug|Any CPU
		{D05C71FB-4E6F-47D0-9271-DD39CF2F7281}.Debug|Any CPU.Build.0 = Debug|Any CPU
		{D05C71FB-4E6F-47D0-9271-DD39CF2F7281}.Release|Any CPU.ActiveCfg = Release|Any CPU
		{D05C71FB-4E6F-47D0-9271-DD39CF2F7281}.Release|Any CPU.Build.0 = Release|Any CPU
		{1E32A851-2527-4DF4-B679-63A97ECB2DF2}.Debug|Any CPU.ActiveCfg = Debug|Any CPU
		{1E32A851-2527-4DF4-B679-63A97ECB2DF2}.Debug|Any CPU.Build.0 = Debug|Any CPU
		{1E32A851-2527-4DF4-B679-63A97ECB2DF2}.Release|Any CPU.ActiveCfg = Release|Any CPU
		{1E32A851-2527-4DF4-B679-63A97ECB2DF2}.Release|Any CPU.Build.0 = Release|Any CPU
		{10AFB32E-DF91-4E80-A501-C02630FDBE1D}.Debug|Any CPU.ActiveCfg = Debug|Any CPU
		{10AFB32E-DF91-4E80-A501-C02630FDBE1D}.Debug|Any CPU.Build.0 = Debug|Any CPU
		{10AFB32E-DF91-4E80-A501-C02630FDBE1D}.Release|Any CPU.ActiveCfg = Release|Any CPU
		{10AFB32E-DF91-4E80-A501-C02630FDBE1D}.Release|Any CPU.Build.0 = Release|Any CPU
		{B0BCA91F-2D0E-478C-A4FA-1B5B646C1802}.Debug|Any CPU.ActiveCfg = Debug|Any CPU
		{B0BCA91F-2D0E-478C-A4FA-1B5B646C1802}.Debug|Any CPU.Build.0 = Debug|Any CPU
		{B0BCA91F-2D0E-478C-A4FA-1B5B646C1802}.Release|Any CPU.ActiveCfg = Release|Any CPU
		{B0BCA91F-2D0E-478C-A4FA-1B5B646C1802}.Release|Any CPU.Build.0 = Release|Any CPU
		{66D3A3A2-486B-4FCF-A43A-16EA96484AB6}.Debug|Any CPU.ActiveCfg = Debug|Any CPU
		{66D3A3A2-486B-4FCF-A43A-16EA96484AB6}.Debug|Any CPU.Build.0 = Debug|Any CPU
		{66D3A3A2-486B-4FCF-A43A-16EA96484AB6}.Release|Any CPU.ActiveCfg = Release|Any CPU
		{66D3A3A2-486B-4FCF-A43A-16EA96484AB6}.Release|Any CPU.Build.0 = Release|Any CPU
	EndGlobalSection
	GlobalSection(SolutionProperties) = preSolution
		HideSolutionNode = FALSE
	EndGlobalSection
	GlobalSection(ExtensibilityGlobals) = postSolution
		SolutionGuid = {5DF05645-FDC0-4210-B28B-8E7D4F4322D1}
	EndGlobalSection
EndGlobal
